
Microsoft Visual Studio Solution File, Format Version 12.00
# Visual Studio 15
VisualStudioVersion = 15.0.28307.572
MinimumVisualStudioVersion = 10.0.40219.1
Project("{888888A0-9F3D-457C-B088-3A5042F75D52}") = "deep_learning", "deep_learning.pyproj", "{32F7A11A-97B6-4F22-8D2C-3AE6AC595BB4}"
EndProject
Global
	GlobalSection(SolutionConfigurationPlatforms) = preSolution
		Debug|Any CPU = Debug|Any CPU
		Release|Any CPU = Release|Any CPU
	EndGlobalSection
	GlobalSection(ProjectConfigurationPlatforms) = postSolution
		{32F7A11A-97B6-4F22-8D2C-3AE6AC595BB4}.Debug|Any CPU.ActiveCfg = Debug|Any CPU
		{32F7A11A-97B6-4F22-8D2C-3AE6AC595BB4}.Release|Any CPU.ActiveCfg = Release|Any CPU
	EndGlobalSection
	GlobalSection(SolutionProperties) = preSolution
		HideSolutionNode = FALSE
	EndGlobalSection
	GlobalSection(ExtensibilityGlobals) = postSolution
		SolutionGuid = {7E3AD3CB-B7DF-49F0-8DB7-FE18C736E393}
	EndGlobalSection
EndGlobal
